{
  "name": "nextjs-practice",
  "lockfileVersion": 3,
  "requires": true,
  "packages": {
    "": {
      "name": "nextjs-practice",
      "dependencies": {
        "html-react-parser": "^5.1.12",
        "next": "latest",
        "openai": "^4.55.0",
        "react": "18.2.0",
        "react-dom": "18.2.0"
      },
      "engines": {
        "node": ">=18"
      }
    }
  }
}
